
Microsoft Visual Studio Solution File, Format Version 12.00
# Visual Studio Version 17
VisualStudioVersion = 17.8.34330.188
MinimumVisualStudioVersion = 10.0.40219.1
Project("{9A19103F-16F7-4668-BE54-9A1E7A4F7556}") = "BibALEXapi", "BibALEXapi.csproj", "{086B0C8B-2909-4C33-A1F2-CC8AABFE8968}"
EndProject
Project("{9A19103F-16F7-4668-BE54-9A1E7A4F7556}") = "BibALEXsite", "..\BibALEXsite\BibALEXsite.csproj", "{6C44910E-662E-4445-A259-5E2C5D72805B}"
	ProjectSection(ProjectDependencies) = postProject
		{086B0C8B-2909-4C33-A1F2-CC8AABFE8968} = {086B0C8B-2909-4C33-A1F2-CC8AABFE8968}
	EndProjectSection
EndProject
Global
	GlobalSection(SolutionConfigurationPlatforms) = preSolution
		Debug|Any CPU = Debug|Any CPU
		Release|Any CPU = Release|Any CPU
	EndGlobalSection
	GlobalSection(ProjectConfigurationPlatforms) = postSolution
		{086B0C8B-2909-4C33-A1F2-CC8AABFE8968}.Debug|Any CPU.ActiveCfg = Debug|Any CPU
		{086B0C8B-2909-4C33-A1F2-CC8AABFE8968}.Debug|Any CPU.Build.0 = Debug|Any CPU
		{086B0C8B-2909-4C33-A1F2-CC8AABFE8968}.Release|Any CPU.ActiveCfg = Release|Any CPU
		{086B0C8B-2909-4C33-A1F2-CC8AABFE8968}.Release|Any CPU.Build.0 = Release|Any CPU
		{6C44910E-662E-4445-A259-5E2C5D72805B}.Debug|Any CPU.ActiveCfg = Debug|Any CPU
		{6C44910E-662E-4445-A259-5E2C5D72805B}.Debug|Any CPU.Build.0 = Debug|Any CPU
		{6C44910E-662E-4445-A259-5E2C5D72805B}.Release|Any CPU.ActiveCfg = Release|Any CPU
		{6C44910E-662E-4445-A259-5E2C5D72805B}.Release|Any CPU.Build.0 = Release|Any CPU
	EndGlobalSection
	GlobalSection(SolutionProperties) = preSolution
		HideSolutionNode = FALSE
	EndGlobalSection
	GlobalSection(ExtensibilityGlobals) = postSolution
		SolutionGuid = {74AAF34F-7B02-448A-A1C4-AD407EA27984}
	EndGlobalSection
EndGlobal
